// !$*UTF8*$!
{
	archiveVersion = 1;
	classes = {
	};
	objectVersion = 56;
	objects = {

/* Begin PBXBuildFile section */
		9A0A2B072932640800D3713B /* QuoteViewController.swift in Sources */ = {isa = PBXBuildFile; fileRef = 9A0A2B062932640800D3713B /* QuoteViewController.swift */; };
		9A0A2B092932677700D3713B /* QuoteModel.swift in Sources */ = {isa = PBXBuildFile; fileRef = 9A0A2B082932677700D3713B /* QuoteModel.swift */; };
		9A0A2B102932C49C00D3713B /* EpisodeView.swift in Sources */ = {isa = PBXBuildFile; fileRef = 9A0A2B0E2932C49C00D3713B /* EpisodeView.swift */; };
		9A31D72A292E920C0042AAC2 /* AppDelegate.swift in Sources */ = {isa = PBXBuildFile; fileRef = 9A31D729292E920C0042AAC2 /* AppDelegate.swift */; };
		9A31D72C292E920C0042AAC2 /* SceneDelegate.swift in Sources */ = {isa = PBXBuildFile; fileRef = 9A31D72B292E920C0042AAC2 /* SceneDelegate.swift */; };
		9A31D731292E920C0042AAC2 /* Main.storyboard in Resources */ = {isa = PBXBuildFile; fileRef = 9A31D72F292E920C0042AAC2 /* Main.storyboard */; };
		9A31D733292E920D0042AAC2 /* Assets.xcassets in Resources */ = {isa = PBXBuildFile; fileRef = 9A31D732292E920D0042AAC2 /* Assets.xcassets */; };
		9A31D736292E920D0042AAC2 /* LaunchScreen.storyboard in Resources */ = {isa = PBXBuildFile; fileRef = 9A31D734292E920D0042AAC2 /* LaunchScreen.storyboard */; };
		9A539667292ED16200318CDC /* CharacterViewController.swift in Sources */ = {isa = PBXBuildFile; fileRef = 9A539666292ED16200318CDC /* CharacterViewController.swift */; };
		9A539669292ED16A00318CDC /* EpisodeViewController.swift in Sources */ = {isa = PBXBuildFile; fileRef = 9A539668292ED16A00318CDC /* EpisodeViewController.swift */; };
		9A53966B292ED17300318CDC /* ImdbViewController.swift in Sources */ = {isa = PBXBuildFile; fileRef = 9A53966A292ED17300318CDC /* ImdbViewController.swift */; };
		9A98EC6C2931582F008C7956 /* EpisodeTableViewCell.swift in Sources */ = {isa = PBXBuildFile; fileRef = 9A98EC6A2931582F008C7956 /* EpisodeTableViewCell.swift */; };
		9A98EC6D2931582F008C7956 /* EpisodeTableViewCell.xib in Resources */ = {isa = PBXBuildFile; fileRef = 9A98EC6B2931582F008C7956 /* EpisodeTableViewCell.xib */; };
		9A9E362A29323C4E00E4E866 /* CharacterDetailViewController.swift in Sources */ = {isa = PBXBuildFile; fileRef = 9A9E362929323C4E00E4E866 /* CharacterDetailViewController.swift */; };
		9AB49FA029323796006D1183 /* CharacterDetailModel.swift in Sources */ = {isa = PBXBuildFile; fileRef = 9AB49F9F29323796006D1183 /* CharacterDetailModel.swift */; };
		9ABAE30D2930F181003428E9 /* Client.swift in Sources */ = {isa = PBXBuildFile; fileRef = 9ABAE30C2930F181003428E9 /* Client.swift */; };
		9ABAE30F2930F1B3003428E9 /* BaseResponse.swift in Sources */ = {isa = PBXBuildFile; fileRef = 9ABAE30E2930F1B3003428E9 /* BaseResponse.swift */; };
		9ABAE3112930F35E003428E9 /* CharacterModel.swift in Sources */ = {isa = PBXBuildFile; fileRef = 9ABAE3102930F35E003428E9 /* CharacterModel.swift */; };
		9ABAE3192930FA95003428E9 /* CharacterCollectionViewCell.swift in Sources */ = {isa = PBXBuildFile; fileRef = 9ABAE3172930FA95003428E9 /* CharacterCollectionViewCell.swift */; };
		9ABAE31A2930FA95003428E9 /* CharacterCollectionViewCell.xib in Resources */ = {isa = PBXBuildFile; fileRef = 9ABAE3182930FA95003428E9 /* CharacterCollectionViewCell.xib */; };
		9ABAE31E29310E74003428E9 /* EpisodeModel.swift in Sources */ = {isa = PBXBuildFile; fileRef = 9ABAE31D29310E74003428E9 /* EpisodeModel.swift */; };
		9ABAE320293111B9003428E9 /* BaseViewController.swift in Sources */ = {isa = PBXBuildFile; fileRef = 9ABAE31F293111B9003428E9 /* BaseViewController.swift */; };
		9ABAE3232931122C003428E9 /* MaterialActivityIndicator in Frameworks */ = {isa = PBXBuildFile; productRef = 9ABAE3222931122C003428E9 /* MaterialActivityIndicator */; };
		9ABAE32629311250003428E9 /* SwiftAlertView in Frameworks */ = {isa = PBXBuildFile; productRef = 9ABAE32529311250003428E9 /* SwiftAlertView */; };
		9ABAE32929312E74003428E9 /* Kingfisher in Frameworks */ = {isa = PBXBuildFile; productRef = 9ABAE32829312E74003428E9 /* Kingfisher */; };
		9ABDE23B2933FC9800408F80 /* EpisodeView.xib in Resources */ = {isa = PBXBuildFile; fileRef = 9ABDE23A2933FC9800408F80 /* EpisodeView.xib */; };
/* End PBXBuildFile section */

/* Begin PBXFileReference section */
		9A0A2B062932640800D3713B /* QuoteViewController.swift */ = {isa = PBXFileReference; lastKnownFileType = sourcecode.swift; path = QuoteViewController.swift; sourceTree = "<group>"; };
		9A0A2B082932677700D3713B /* QuoteModel.swift */ = {isa = PBXFileReference; lastKnownFileType = sourcecode.swift; path = QuoteModel.swift; sourceTree = "<group>"; };
		9A0A2B0E2932C49C00D3713B /* EpisodeView.swift */ = {isa = PBXFileReference; lastKnownFileType = sourcecode.swift; path = EpisodeView.swift; sourceTree = "<group>"; };
		9A31D726292E920C0042AAC2 /* BreakingBadApp.app */ = {isa = PBXFileReference; explicitFileType = wrapper.application; includeInIndex = 0; path = BreakingBadApp.app; sourceTree = BUILT_PRODUCTS_DIR; };
		9A31D729292E920C0042AAC2 /* AppDelegate.swift */ = {isa = PBXFileReference; lastKnownFileType = sourcecode.swift; path = AppDelegate.swift; sourceTree = "<group>"; };
		9A31D72B292E920C0042AAC2 /* SceneDelegate.swift */ = {isa = PBXFileReference; lastKnownFileType = sourcecode.swift; path = SceneDelegate.swift; sourceTree = "<group>"; };
		9A31D730292E920C0042AAC2 /* Base */ = {isa = PBXFileReference; lastKnownFileType = file.storyboard; name = Base; path = Base.lproj/Main.storyboard; sourceTree = "<group>"; };
		9A31D732292E920D0042AAC2 /* Assets.xcassets */ = {isa = PBXFileReference; lastKnownFileType = folder.assetcatalog; path = Assets.xcassets; sourceTree = "<group>"; };
		9A31D735292E920D0042AAC2 /* Base */ = {isa = PBXFileReference; lastKnownFileType = file.storyboard; name = Base; path = Base.lproj/LaunchScreen.storyboard; sourceTree = "<group>"; };
		9A31D737292E920D0042AAC2 /* Info.plist */ = {isa = PBXFileReference; lastKnownFileType = text.plist.xml; path = Info.plist; sourceTree = "<group>"; };
		9A539666292ED16200318CDC /* CharacterViewController.swift */ = {isa = PBXFileReference; lastKnownFileType = sourcecode.swift; path = CharacterViewController.swift; sourceTree = "<group>"; };
		9A539668292ED16A00318CDC /* EpisodeViewController.swift */ = {isa = PBXFileReference; lastKnownFileType = sourcecode.swift; path = EpisodeViewController.swift; sourceTree = "<group>"; };
		9A53966A292ED17300318CDC /* ImdbViewController.swift */ = {isa = PBXFileReference; lastKnownFileType = sourcecode.swift; path = ImdbViewController.swift; sourceTree = "<group>"; };
		9A98EC6A2931582F008C7956 /* EpisodeTableViewCell.swift */ = {isa = PBXFileReference; lastKnownFileType = sourcecode.swift; path = EpisodeTableViewCell.swift; sourceTree = "<group>"; };
		9A98EC6B2931582F008C7956 /* EpisodeTableViewCell.xib */ = {isa = PBXFileReference; lastKnownFileType = file.xib; path = EpisodeTableViewCell.xib; sourceTree = "<group>"; };
		9A9E362929323C4E00E4E866 /* CharacterDetailViewController.swift */ = {isa = PBXFileReference; lastKnownFileType = sourcecode.swift; path = CharacterDetailViewController.swift; sourceTree = "<group>"; };
		9AB49F9F29323796006D1183 /* CharacterDetailModel.swift */ = {isa = PBXFileReference; lastKnownFileType = sourcecode.swift; path = CharacterDetailModel.swift; sourceTree = "<group>"; };
		9ABAE30C2930F181003428E9 /* Client.swift */ = {isa = PBXFileReference; lastKnownFileType = sourcecode.swift; path = Client.swift; sourceTree = "<group>"; };
		9ABAE30E2930F1B3003428E9 /* BaseResponse.swift */ = {isa = PBXFileReference; lastKnownFileType = sourcecode.swift; path = BaseResponse.swift; sourceTree = "<group>"; };
		9ABAE3102930F35E003428E9 /* CharacterModel.swift */ = {isa = PBXFileReference; lastKnownFileType = sourcecode.swift; path = CharacterModel.swift; sourceTree = "<group>"; };
		9ABAE3172930FA95003428E9 /* CharacterCollectionViewCell.swift */ = {isa = PBXFileReference; lastKnownFileType = sourcecode.swift; path = CharacterCollectionViewCell.swift; sourceTree = "<group>"; };
		9ABAE3182930FA95003428E9 /* CharacterCollectionViewCell.xib */ = {isa = PBXFileReference; lastKnownFileType = file.xib; path = CharacterCollectionViewCell.xib; sourceTree = "<group>"; };
		9ABAE31D29310E74003428E9 /* EpisodeModel.swift */ = {isa = PBXFileReference; lastKnownFileType = sourcecode.swift; path = EpisodeModel.swift; sourceTree = "<group>"; };
		9ABAE31F293111B9003428E9 /* BaseViewController.swift */ = {isa = PBXFileReference; lastKnownFileType = sourcecode.swift; path = BaseViewController.swift; sourceTree = "<group>"; };
		9ABDE23A2933FC9800408F80 /* EpisodeView.xib */ = {isa = PBXFileReference; fileEncoding = 4; lastKnownFileType = file.xib; path = EpisodeView.xib; sourceTree = "<group>"; };
/* End PBXFileReference section */

/* Begin PBXFrameworksBuildPhase section */
		9A31D723292E920C0042AAC2 /* Frameworks */ = {
			isa = PBXFrameworksBuildPhase;
			buildActionMask = 2147483647;
			files = (
				9ABAE32929312E74003428E9 /* Kingfisher in Frameworks */,
				9ABAE32629311250003428E9 /* SwiftAlertView in Frameworks */,
				9ABAE3232931122C003428E9 /* MaterialActivityIndicator in Frameworks */,
			);
			runOnlyForDeploymentPostprocessing = 0;
		};
/* End PBXFrameworksBuildPhase section */

/* Begin PBXGroup section */
		9A31D71D292E920C0042AAC2 = {
			isa = PBXGroup;
			children = (
				9A31D728292E920C0042AAC2 /* BreakingBadApp */,
				9A31D727292E920C0042AAC2 /* Products */,
			);
			sourceTree = "<group>";
		};
		9A31D727292E920C0042AAC2 /* Products */ = {
			isa = PBXGroup;
			children = (
				9A31D726292E920C0042AAC2 /* BreakingBadApp.app */,
			);
			name = Products;
			sourceTree = "<group>";
		};
		9A31D728292E920C0042AAC2 /* BreakingBadApp */ = {
			isa = PBXGroup;
			children = (
				9ABAE30B2930F177003428E9 /* Service */,
				9ABAE3092930EE49003428E9 /* App */,
				9ABAE3082930EE3C003428E9 /* Model */,
				9ABAE3072930EE2E003428E9 /* View */,
				9A539665292ED11900318CDC /* Controller */,
				9A31D732292E920D0042AAC2 /* Assets.xcassets */,
				9A31D737292E920D0042AAC2 /* Info.plist */,
			);
			path = BreakingBadApp;
			sourceTree = "<group>";
		};
		9A539665292ED11900318CDC /* Controller */ = {
			isa = PBXGroup;
			children = (
				9A539666292ED16200318CDC /* CharacterViewController.swift */,
				9A539668292ED16A00318CDC /* EpisodeViewController.swift */,
				9A53966A292ED17300318CDC /* ImdbViewController.swift */,
				9ABAE31F293111B9003428E9 /* BaseViewController.swift */,
				9A9E362929323C4E00E4E866 /* CharacterDetailViewController.swift */,
				9A0A2B062932640800D3713B /* QuoteViewController.swift */,
			);
			path = Controller;
			sourceTree = "<group>";
		};
		9ABAE3072930EE2E003428E9 /* View */ = {
			isa = PBXGroup;
			children = (
				9A0A2B0E2932C49C00D3713B /* EpisodeView.swift */,
				9ABDE23A2933FC9800408F80 /* EpisodeView.xib */,
				9ABAE3142930FA5A003428E9 /* Cell */,
			);
			path = View;
			sourceTree = "<group>";
		};
		9ABAE3082930EE3C003428E9 /* Model */ = {
			isa = PBXGroup;
			children = (
				9ABAE3102930F35E003428E9 /* CharacterModel.swift */,
				9ABAE31D29310E74003428E9 /* EpisodeModel.swift */,
				9AB49F9F29323796006D1183 /* CharacterDetailModel.swift */,
				9A0A2B082932677700D3713B /* QuoteModel.swift */,
			);
			path = Model;
			sourceTree = "<group>";
		};
		9ABAE3092930EE49003428E9 /* App */ = {
			isa = PBXGroup;
			children = (
				9A31D72F292E920C0042AAC2 /* Main.storyboard */,
				9A31D734292E920D0042AAC2 /* LaunchScreen.storyboard */,
				9A31D729292E920C0042AAC2 /* AppDelegate.swift */,
				9A31D72B292E920C0042AAC2 /* SceneDelegate.swift */,
			);
			path = App;
			sourceTree = "<group>";
		};
		9ABAE30B2930F177003428E9 /* Service */ = {
			isa = PBXGroup;
			children = (
				9ABAE30C2930F181003428E9 /* Client.swift */,
				9ABAE30E2930F1B3003428E9 /* BaseResponse.swift */,
			);
			path = Service;
			sourceTree = "<group>";
		};
		9ABAE3142930FA5A003428E9 /* Cell */ = {
			isa = PBXGroup;
			children = (
				9ABAE3172930FA95003428E9 /* CharacterCollectionViewCell.swift */,
				9ABAE3182930FA95003428E9 /* CharacterCollectionViewCell.xib */,
				9A98EC6A2931582F008C7956 /* EpisodeTableViewCell.swift */,
				9A98EC6B2931582F008C7956 /* EpisodeTableViewCell.xib */,
			);
			path = Cell;
			sourceTree = "<group>";
		};
/* End PBXGroup section */

/* Begin PBXNativeTarget section */
		9A31D725292E920C0042AAC2 /* BreakingBadApp */ = {
			isa = PBXNativeTarget;
			buildConfigurationList = 9A31D73A292E920D0042AAC2 /* Build configuration list for PBXNativeTarget "BreakingBadApp" */;
			buildPhases = (
				9A31D722292E920C0042AAC2 /* Sources */,
				9A31D723292E920C0042AAC2 /* Frameworks */,
				9A31D724292E920C0042AAC2 /* Resources */,
			);
			buildRules = (
			);
			dependencies = (
			);
			name = BreakingBadApp;
			packageProductDependencies = (
				9ABAE3222931122C003428E9 /* MaterialActivityIndicator */,
				9ABAE32529311250003428E9 /* SwiftAlertView */,
				9ABAE32829312E74003428E9 /* Kingfisher */,
			);
			productName = BreakingBadApp;
			productReference = 9A31D726292E920C0042AAC2 /* BreakingBadApp.app */;
			productType = "com.apple.product-type.application";
		};
/* End PBXNativeTarget section */

/* Begin PBXProject section */
		9A31D71E292E920C0042AAC2 /* Project object */ = {
			isa = PBXProject;
			attributes = {
				BuildIndependentTargetsInParallel = 1;
				LastSwiftUpdateCheck = 1310;
				LastUpgradeCheck = 1310;
				TargetAttributes = {
					9A31D725292E920C0042AAC2 = {
						CreatedOnToolsVersion = 13.1;
					};
				};
			};
			buildConfigurationList = 9A31D721292E920C0042AAC2 /* Build configuration list for PBXProject "BreakingBadApp" */;
			compatibilityVersion = "Xcode 14.0";
			developmentRegion = en;
			hasScannedForEncodings = 0;
			knownRegions = (
				en,
				Base,
			);
			mainGroup = 9A31D71D292E920C0042AAC2;
			packageReferences = (
				9ABAE3212931122C003428E9 /* XCRemoteSwiftPackageReference "MaterialActivityIndicator" */,
				9ABAE32429311250003428E9 /* XCRemoteSwiftPackageReference "SwiftAlertView" */,
				9ABAE32729312E74003428E9 /* XCRemoteSwiftPackageReference "Kingfisher" */,
			);
			productRefGroup = 9A31D727292E920C0042AAC2 /* Products */;
			projectDirPath = "";
			projectRoot = "";
			targets = (
				9A31D725292E920C0042AAC2 /* BreakingBadApp */,
			);
		};
/* End PBXProject section */

/* Begin PBXResourcesBuildPhase section */
		9A31D724292E920C0042AAC2 /* Resources */ = {
			isa = PBXResourcesBuildPhase;
			buildActionMask = 2147483647;
			files = (
				9ABDE23B2933FC9800408F80 /* EpisodeView.xib in Resources */,
				9A31D736292E920D0042AAC2 /* LaunchScreen.storyboard in Resources */,
				9A98EC6D2931582F008C7956 /* EpisodeTableViewCell.xib in Resources */,
				9A31D733292E920D0042AAC2 /* Assets.xcassets in Resources */,
				9A31D731292E920C0042AAC2 /* Main.storyboard in Resources */,
				9ABAE31A2930FA95003428E9 /* CharacterCollectionViewCell.xib in Resources */,
			);
			runOnlyForDeploymentPostprocessing = 0;
		};
/* End PBXResourcesBuildPhase section */

/* Begin PBXSourcesBuildPhase section */
		9A31D722292E920C0042AAC2 /* Sources */ = {
			isa = PBXSourcesBuildPhase;
			buildActionMask = 2147483647;
			files = (
				9A539667292ED16200318CDC /* CharacterViewController.swift in Sources */,
				9AB49FA029323796006D1183 /* CharacterDetailModel.swift in Sources */,
				9A53966B292ED17300318CDC /* ImdbViewController.swift in Sources */,
				9ABAE320293111B9003428E9 /* BaseViewController.swift in Sources */,
				9ABAE3112930F35E003428E9 /* CharacterModel.swift in Sources */,
				9ABAE3192930FA95003428E9 /* CharacterCollectionViewCell.swift in Sources */,
				9A0A2B102932C49C00D3713B /* EpisodeView.swift in Sources */,
				9ABAE30D2930F181003428E9 /* Client.swift in Sources */,
				9A31D72A292E920C0042AAC2 /* AppDelegate.swift in Sources */,
				9ABAE30F2930F1B3003428E9 /* BaseResponse.swift in Sources */,
				9A0A2B072932640800D3713B /* QuoteViewController.swift in Sources */,
				9A0A2B092932677700D3713B /* QuoteModel.swift in Sources */,
				9A539669292ED16A00318CDC /* EpisodeViewController.swift in Sources */,
				9A98EC6C2931582F008C7956 /* EpisodeTableViewCell.swift in Sources */,
				9A9E362A29323C4E00E4E866 /* CharacterDetailViewController.swift in Sources */,
				9A31D72C292E920C0042AAC2 /* SceneDelegate.swift in Sources */,
				9ABAE31E29310E74003428E9 /* EpisodeModel.swift in Sources */,
			);
			runOnlyForDeploymentPostprocessing = 0;
		};
/* End PBXSourcesBuildPhase section */

/* Begin PBXVariantGroup section */
		9A31D72F292E920C0042AAC2 /* Main.storyboard */ = {
			isa = PBXVariantGroup;
			children = (
				9A31D730292E920C0042AAC2 /* Base */,
			);
			name = Main.storyboard;
			sourceTree = "<group>";
		};
		9A31D734292E920D0042AAC2 /* LaunchScreen.storyboard */ = {
			isa = PBXVariantGroup;
			children = (
				9A31D735292E920D0042AAC2 /* Base */,
			);
			name = LaunchScreen.storyboard;
			sourceTree = "<group>";
		};
/* End PBXVariantGroup section */

/* Begin XCBuildConfiguration section */
		9A31D738292E920D0042AAC2 /* Debug */ = {
			isa = XCBuildConfiguration;
			buildSettings = {
				ALWAYS_SEARCH_USER_PATHS = NO;
				CLANG_ANALYZER_NONNULL = YES;
				CLANG_ANALYZER_NUMBER_OBJECT_CONVERSION = YES_AGGRESSIVE;
				CLANG_CXX_LANGUAGE_STANDARD = "gnu++17";
				CLANG_CXX_LIBRARY = "libc++";
				CLANG_ENABLE_MODULES = YES;
				CLANG_ENABLE_OBJC_ARC = YES;
				CLANG_ENABLE_OBJC_WEAK = YES;
				CLANG_WARN_BLOCK_CAPTURE_AUTORELEASING = YES;
				CLANG_WARN_BOOL_CONVERSION = YES;
				CLANG_WARN_COMMA = YES;
				CLANG_WARN_CONSTANT_CONVERSION = YES;
				CLANG_WARN_DEPRECATED_OBJC_IMPLEMENTATIONS = YES;
				CLANG_WARN_DIRECT_OBJC_ISA_USAGE = YES_ERROR;
				CLANG_WARN_DOCUMENTATION_COMMENTS = YES;
				CLANG_WARN_EMPTY_BODY = YES;
				CLANG_WARN_ENUM_CONVERSION = YES;
				CLANG_WARN_INFINITE_RECURSION = YES;
				CLANG_WARN_INT_CONVERSION = YES;
				CLANG_WARN_NON_LITERAL_NULL_CONVERSION = YES;
				CLANG_WARN_OBJC_IMPLICIT_RETAIN_SELF = YES;
				CLANG_WARN_OBJC_LITERAL_CONVERSION = YES;
				CLANG_WARN_OBJC_ROOT_CLASS = YES_ERROR;
				CLANG_WARN_QUOTED_INCLUDE_IN_FRAMEWORK_HEADER = YES;
				CLANG_WARN_RANGE_LOOP_ANALYSIS = YES;
				CLANG_WARN_STRICT_PROTOTYPES = YES;
				CLANG_WARN_SUSPICIOUS_MOVE = YES;
				CLANG_WARN_UNGUARDED_AVAILABILITY = YES_AGGRESSIVE;
				CLANG_WARN_UNREACHABLE_CODE = YES;
				CLANG_WARN__DUPLICATE_METHOD_MATCH = YES;
				COPY_PHASE_STRIP = NO;
				DEBUG_INFORMATION_FORMAT = dwarf;
				ENABLE_STRICT_OBJC_MSGSEND = YES;
				ENABLE_TESTABILITY = YES;
				GCC_C_LANGUAGE_STANDARD = gnu11;
				GCC_DYNAMIC_NO_PIC = NO;
				GCC_NO_COMMON_BLOCKS = YES;
				GCC_OPTIMIZATION_LEVEL = 0;
				GCC_PREPROCESSOR_DEFINITIONS = (
					"DEBUG=1",
					"$(inherited)",
				);
				GCC_WARN_64_TO_32_BIT_CONVERSION = YES;
				GCC_WARN_ABOUT_RETURN_TYPE = YES_ERROR;
				GCC_WARN_UNDECLARED_SELECTOR = YES;
				GCC_WARN_UNINITIALIZED_AUTOS = YES_AGGRESSIVE;
				GCC_WARN_UNUSED_FUNCTION = YES;
				GCC_WARN_UNUSED_VARIABLE = YES;
				IPHONEOS_DEPLOYMENT_TARGET = 15.0;
				MTL_ENABLE_DEBUG_INFO = INCLUDE_SOURCE;
				MTL_FAST_MATH = YES;
				ONLY_ACTIVE_ARCH = YES;
				SDKROOT = iphoneos;
				SWIFT_ACTIVE_COMPILATION_CONDITIONS = DEBUG;
				SWIFT_OPTIMIZATION_LEVEL = "-Onone";
			};
			name = Debug;
		};
		9A31D739292E920D0042AAC2 /* Release */ = {
			isa = XCBuildConfiguration;
			buildSettings = {
				ALWAYS_SEARCH_USER_PATHS = NO;
				CLANG_ANALYZER_NONNULL = YES;
				CLANG_ANALYZER_NUMBER_OBJECT_CONVERSION = YES_AGGRESSIVE;
				CLANG_CXX_LANGUAGE_STANDARD = "gnu++17";
				CLANG_CXX_LIBRARY = "libc++";
				CLANG_ENABLE_MODULES = YES;
				CLANG_ENABLE_OBJC_ARC = YES;
				CLANG_ENABLE_OBJC_WEAK = YES;
				CLANG_WARN_BLOCK_CAPTURE_AUTORELEASING = YES;
				CLANG_WARN_BOOL_CONVERSION = YES;
				CLANG_WARN_COMMA = YES;
				CLANG_WARN_CONSTANT_CONVERSION = YES;
				CLANG_WARN_DEPRECATED_OBJC_IMPLEMENTATIONS = YES;
				CLANG_WARN_DIRECT_OBJC_ISA_USAGE = YES_ERROR;
				CLANG_WARN_DOCUMENTATION_COMMENTS = YES;
				CLANG_WARN_EMPTY_BODY = YES;
				CLANG_WARN_ENUM_CONVERSION = YES;
				CLANG_WARN_INFINITE_RECURSION = YES;
				CLANG_WARN_INT_CONVERSION = YES;
				CLANG_WARN_NON_LITERAL_NULL_CONVERSION = YES;
				CLANG_WARN_OBJC_IMPLICIT_RETAIN_SELF = YES;
				CLANG_WARN_OBJC_LITERAL_CONVERSION = YES;
				CLANG_WARN_OBJC_ROOT_CLASS = YES_ERROR;
				CLANG_WARN_QUOTED_INCLUDE_IN_FRAMEWORK_HEADER = YES;
				CLANG_WARN_RANGE_LOOP_ANALYSIS = YES;
				CLANG_WARN_STRICT_PROTOTYPES = YES;
				CLANG_WARN_SUSPICIOUS_MOVE = YES;
				CLANG_WARN_UNGUARDED_AVAILABILITY = YES_AGGRESSIVE;
				CLANG_WARN_UNREACHABLE_CODE = YES;
				CLANG_WARN__DUPLICATE_METHOD_MATCH = YES;
				COPY_PHASE_STRIP = NO;
				DEBUG_INFORMATION_FORMAT = "dwarf-with-dsym";
				ENABLE_NS_ASSERTIONS = NO;
				ENABLE_STRICT_OBJC_MSGSEND = YES;
				GCC_C_LANGUAGE_STANDARD = gnu11;
				GCC_NO_COMMON_BLOCKS = YES;
				GCC_WARN_64_TO_32_BIT_CONVERSION = YES;
				GCC_WARN_ABOUT_RETURN_TYPE = YES_ERROR;
				GCC_WARN_UNDECLARED_SELECTOR = YES;
				GCC_WARN_UNINITIALIZED_AUTOS = YES_AGGRESSIVE;
				GCC_WARN_UNUSED_FUNCTION = YES;
				GCC_WARN_UNUSED_VARIABLE = YES;
				IPHONEOS_DEPLOYMENT_TARGET = 15.0;
				MTL_ENABLE_DEBUG_INFO = NO;
				MTL_FAST_MATH = YES;
				SDKROOT = iphoneos;
				SWIFT_COMPILATION_MODE = wholemodule;
				SWIFT_OPTIMIZATION_LEVEL = "-O";
				VALIDATE_PRODUCT = YES;
			};
			name = Release;
		};
		9A31D73B292E920D0042AAC2 /* Debug */ = {
			isa = XCBuildConfiguration;
			buildSettings = {
				ASSETCATALOG_COMPILER_APPICON_NAME = AppIcon;
				ASSETCATALOG_COMPILER_GLOBAL_ACCENT_COLOR_NAME = AccentColor;
				CODE_SIGN_STYLE = Automatic;
				CURRENT_PROJECT_VERSION = 1;
				DEVELOPMENT_TEAM = 4Q883FA5XV;
				GENERATE_INFOPLIST_FILE = YES;
				INFOPLIST_FILE = BreakingBadApp/Info.plist;
				INFOPLIST_KEY_UIApplicationSupportsIndirectInputEvents = YES;
				INFOPLIST_KEY_UILaunchStoryboardName = LaunchScreen;
				INFOPLIST_KEY_UIMainStoryboardFile = Main;
				INFOPLIST_KEY_UISupportedInterfaceOrientations_iPad = "UIInterfaceOrientationPortrait UIInterfaceOrientationPortraitUpsideDown UIInterfaceOrientationLandscapeLeft UIInterfaceOrientationLandscapeRight";
				INFOPLIST_KEY_UISupportedInterfaceOrientations_iPhone = "UIInterfaceOrientationPortrait UIInterfaceOrientationLandscapeLeft UIInterfaceOrientationLandscapeRight";
				IPHONEOS_DEPLOYMENT_TARGET = 14.0;
				LD_RUNPATH_SEARCH_PATHS = (
					"$(inherited)",
					"@executable_path/Frameworks",
				);
				MARKETING_VERSION = 1.0;
				PRODUCT_BUNDLE_IDENTIFIER = com.emretekin.BreakingBadApp;
				PRODUCT_NAME = "$(TARGET_NAME)";
				SWIFT_EMIT_LOC_STRINGS = YES;
				SWIFT_VERSION = 5.0;
				TARGETED_DEVICE_FAMILY = "1,2";
			};
			name = Debug;
		};
		9A31D73C292E920D0042AAC2 /* Release */ = {
			isa = XCBuildConfiguration;
			buildSettings = {
				ASSETCATALOG_COMPILER_APPICON_NAME = AppIcon;
				ASSETCATALOG_COMPILER_GLOBAL_ACCENT_COLOR_NAME = AccentColor;
				CODE_SIGN_STYLE = Automatic;
				CURRENT_PROJECT_VERSION = 1;
				DEVELOPMENT_TEAM = 4Q883FA5XV;
				GENERATE_INFOPLIST_FILE = YES;
				INFOPLIST_FILE = BreakingBadApp/Info.plist;
				INFOPLIST_KEY_UIApplicationSupportsIndirectInputEvents = YES;
				INFOPLIST_KEY_UILaunchStoryboardName = LaunchScreen;
				INFOPLIST_KEY_UIMainStoryboardFile = Main;
				INFOPLIST_KEY_UISupportedInterfaceOrientations_iPad = "UIInterfaceOrientationPortrait UIInterfaceOrientationPortraitUpsideDown UIInterfaceOrientationLandscapeLeft UIInterfaceOrientationLandscapeRight";
				INFOPLIST_KEY_UISupportedInterfaceOrientations_iPhone = "UIInterfaceOrientationPortrait UIInterfaceOrientationLandscapeLeft UIInterfaceOrientationLandscapeRight";
				IPHONEOS_DEPLOYMENT_TARGET = 14.0;
				LD_RUNPATH_SEARCH_PATHS = (
					"$(inherited)",
					"@executable_path/Frameworks",
				);
				MARKETING_VERSION = 1.0;
				PRODUCT_BUNDLE_IDENTIFIER = com.emretekin.BreakingBadApp;
				PRODUCT_NAME = "$(TARGET_NAME)";
				SWIFT_EMIT_LOC_STRINGS = YES;
				SWIFT_VERSION = 5.0;
				TARGETED_DEVICE_FAMILY = "1,2";
			};
			name = Release;
		};
/* End XCBuildConfiguration section */

/* Begin XCConfigurationList section */
		9A31D721292E920C0042AAC2 /* Build configuration list for PBXProject "BreakingBadApp" */ = {
			isa = XCConfigurationList;
			buildConfigurations = (
				9A31D738292E920D0042AAC2 /* Debug */,
				9A31D739292E920D0042AAC2 /* Release */,
			);
			defaultConfigurationIsVisible = 0;
			defaultConfigurationName = Release;
		};
		9A31D73A292E920D0042AAC2 /* Build configuration list for PBXNativeTarget "BreakingBadApp" */ = {
			isa = XCConfigurationList;
			buildConfigurations = (
				9A31D73B292E920D0042AAC2 /* Debug */,
				9A31D73C292E920D0042AAC2 /* Release */,
			);
			defaultConfigurationIsVisible = 0;
			defaultConfigurationName = Release;
		};
/* End XCConfigurationList section */

/* Begin XCRemoteSwiftPackageReference section */
		9ABAE3212931122C003428E9 /* XCRemoteSwiftPackageReference "MaterialActivityIndicator" */ = {
			isa = XCRemoteSwiftPackageReference;
			repositoryURL = "https://github.com/nspavlo/MaterialActivityIndicator";
			requirement = {
				kind = upToNextMajorVersion;
				minimumVersion = 0.0.7;
			};
		};
		9ABAE32429311250003428E9 /* XCRemoteSwiftPackageReference "SwiftAlertView" */ = {
			isa = XCRemoteSwiftPackageReference;
			repositoryURL = "https://github.com/dinhquan/SwiftAlertView.git";
			requirement = {
				kind = upToNextMajorVersion;
				minimumVersion = 2.0.0;
			};
		};
		9ABAE32729312E74003428E9 /* XCRemoteSwiftPackageReference "Kingfisher" */ = {
			isa = XCRemoteSwiftPackageReference;
			repositoryURL = "https://github.com/onevcat/Kingfisher.git";
			requirement = {
				kind = upToNextMajorVersion;
				minimumVersion = 7.0.0;
			};
		};
/* End XCRemoteSwiftPackageReference section */

/* Begin XCSwiftPackageProductDependency section */
		9ABAE3222931122C003428E9 /* MaterialActivityIndicator */ = {
			isa = XCSwiftPackageProductDependency;
			package = 9ABAE3212931122C003428E9 /* XCRemoteSwiftPackageReference "MaterialActivityIndicator" */;
			productName = MaterialActivityIndicator;
		};
		9ABAE32529311250003428E9 /* SwiftAlertView */ = {
			isa = XCSwiftPackageProductDependency;
			package = 9ABAE32429311250003428E9 /* XCRemoteSwiftPackageReference "SwiftAlertView" */;
			productName = SwiftAlertView;
		};
		9ABAE32829312E74003428E9 /* Kingfisher */ = {
			isa = XCSwiftPackageProductDependency;
			package = 9ABAE32729312E74003428E9 /* XCRemoteSwiftPackageReference "Kingfisher" */;
			productName = Kingfisher;
		};
/* End XCSwiftPackageProductDependency section */
	};
	rootObject = 9A31D71E292E920C0042AAC2 /* Project object */;
}
